PODS:
  - AsyncDisplayKit (1.9.1):
    - AsyncDisplayKit/ASDealloc2MainObject (= 1.9.1)
  - AsyncDisplayKit/ASDealloc2MainObject (1.9.1)
  - Reveal-iOS-SDK (1.6.2)

DEPENDENCIES:
  - AsyncDisplayKit
  - Reveal-iOS-SDK

SPEC CHECKSUMS:
  AsyncDisplayKit: 7bf2b3fa444284f80fd0c1e36655e324549f79d2
  Reveal-iOS-SDK: e2250b3c155bcfac53ae223ddc1f76d08f206c33

COCOAPODS: 0.39.0
